
Microsoft Visual Studio Solution File, Format Version 12.00
# Visual Studio Version 16
VisualStudioVersion = 16.0.31019.35
MinimumVisualStudioVersion = 10.0.40219.1
Project("{FAE04EC0-301F-11D3-BF4B-00C04F79EFBC}") = "Ecomdash.Client", "Ecomdash.Client\Ecomdash.Client.csproj", "{99AF8D7D-5DA9-461D-8B30-EDF1943EC061}"
EndProject
Global
	GlobalSection(SolutionConfigurationPlatforms) = preSolution
		Debug|Any CPU = Debug|Any CPU
		Release|Any CPU = Release|Any CPU
	EndGlobalSection
	GlobalSection(ProjectConfigurationPlatforms) = postSolution
		{99AF8D7D-5DA9-461D-8B30-EDF1943EC061}.Debug|Any CPU.ActiveCfg = Debug|Any CPU
		{99AF8D7D-5DA9-461D-8B30-EDF1943EC061}.Debug|Any CPU.Build.0 = Debug|Any CPU
		{99AF8D7D-5DA9-461D-8B30-EDF1943EC061}.Release|Any CPU.ActiveCfg = Release|Any CPU
		{99AF8D7D-5DA9-461D-8B30-EDF1943EC061}.Release|Any CPU.Build.0 = Release|Any CPU
	EndGlobalSection
	GlobalSection(SolutionProperties) = preSolution
		HideSolutionNode = FALSE
	EndGlobalSection
	GlobalSection(ExtensibilityGlobals) = postSolution
		SolutionGuid = {EAFC3855-E77F-41FF-AC31-17446BF751B5}
	EndGlobalSection
EndGlobal
